
Microsoft Visual Studio Solution File, Format Version 12.00
# Visual Studio Version 17
VisualStudioVersion = 17.8.34330.188
MinimumVisualStudioVersion = 10.0.40219.1
Project("{FAE04EC0-301F-11D3-BF4B-00C04F79EFBC}") = "NOTES", "NOTES\NOTES.csproj", "{734870C7-978D-4D0E-97DC-05A00673487A}"
EndProject
Global
	GlobalSection(SolutionConfigurationPlatforms) = preSolution
		Debug|Any CPU = Debug|Any CPU
		Release|Any CPU = Release|Any CPU
	EndGlobalSection
	GlobalSection(ProjectConfigurationPlatforms) = postSolution
		{734870C7-978D-4D0E-97DC-05A00673487A}.Debug|Any CPU.ActiveCfg = Debug|Any CPU
		{734870C7-978D-4D0E-97DC-05A00673487A}.Debug|Any CPU.Build.0 = Debug|Any CPU
		{734870C7-978D-4D0E-97DC-05A00673487A}.Release|Any CPU.ActiveCfg = Release|Any CPU
		{734870C7-978D-4D0E-97DC-05A00673487A}.Release|Any CPU.Build.0 = Release|Any CPU
	EndGlobalSection
	GlobalSection(SolutionProperties) = preSolution
		HideSolutionNode = FALSE
	EndGlobalSection
	GlobalSection(ExtensibilityGlobals) = postSolution
		SolutionGuid = {55C2FCE4-F692-481C-A3C6-962EBF561B62}
	EndGlobalSection
EndGlobal
